// !$*UTF8*$!
{
	archiveVersion = 1;
	classes = {
	};
	objectVersion = 48;
	objects = {

/* Begin PBXBuildFile section */
		87A86AE41FBE56B40032D0A4 /* AppDelegate.swift in Sources */ = {isa = PBXBuildFile; fileRef = 87A86AE31FBE56B40032D0A4 /* AppDelegate.swift */; };
		87A86AE61FBE56B40032D0A4 /* ViewController.swift in Sources */ = {isa = PBXBuildFile; fileRef = 87A86AE51FBE56B40032D0A4 /* ViewController.swift */; };
		87A86AE91FBE56B40032D0A4 /* Main.storyboard in Resources */ = {isa = PBXBuildFile; fileRef = 87A86AE71FBE56B40032D0A4 /* Main.storyboard */; };
		87A86AEC1FBE56B40032D0A4 /* HelloCoreData.xcdatamodeld in Sources */ = {isa = PBXBuildFile; fileRef = 87A86AEA1FBE56B40032D0A4 /* HelloCoreData.xcdatamodeld */; };
		87A86AEE1FBE56B40032D0A4 /* Assets.xcassets in Resources */ = {isa = PBXBuildFile; fileRef = 87A86AED1FBE56B40032D0A4 /* Assets.xcassets */; };
		87A86AF11FBE56B40032D0A4 /* LaunchScreen.storyboard in Resources */ = {isa = PBXBuildFile; fileRef = 87A86AEF1FBE56B40032D0A4 /* LaunchScreen.storyboard */; };
		87A86AFC1FBE56B40032D0A4 /* HelloCoreDataTests.swift in Sources */ = {isa = PBXBuildFile; fileRef = 87A86AFB1FBE56B40032D0A4 /* HelloCoreDataTests.swift */; };
		87A86B071FBE56B40032D0A4 /* HelloCoreDataUITests.swift in Sources */ = {isa = PBXBuildFile; fileRef = 87A86B061FBE56B40032D0A4 /* HelloCoreDataUITests.swift */; };
/* End PBXBuildFile section */

/* Begin PBXContainerItemProxy section */
		87A86AF81FBE56B40032D0A4 /* PBXContainerItemProxy */ = {
			isa = PBXContainerItemProxy;
			containerPortal = 87A86AD81FBE56B40032D0A4 /* Project object */;
			proxyType = 1;
			remoteGlobalIDString = 87A86ADF1FBE56B40032D0A4;
			remoteInfo = HelloCoreData;
		};
		87A86B031FBE56B40032D0A4 /* PBXContainerItemProxy */ = {
			isa = PBXContainerItemProxy;
			containerPortal = 87A86AD81FBE56B40032D0A4 /* Project object */;
			proxyType = 1;
			remoteGlobalIDString = 87A86ADF1FBE56B40032D0A4;
			remoteInfo = HelloCoreData;
		};
/* End PBXContainerItemProxy section */

/* Begin PBXFileReference section */
		87A86AE01FBE56B40032D0A4 /* HelloCoreData.app */ = {isa = PBXFileReference; explicitFileType = wrapper.application; includeInIndex = 0; path = HelloCoreData.app; sourceTree = BUILT_PRODUCTS_DIR; };
		87A86AE31FBE56B40032D0A4 /* AppDelegate.swift */ = {isa = PBXFileReference; lastKnownFileType = sourcecode.swift; path = AppDelegate.swift; sourceTree = "<group>"; };
		87A86AE51FBE56B40032D0A4 /* ViewController.swift */ = {isa = PBXFileReference; lastKnownFileType = sourcecode.swift; path = ViewController.swift; sourceTree = "<group>"; };
		87A86AE81FBE56B40032D0A4 /* Base */ = {isa = PBXFileReference; lastKnownFileType = file.storyboard; name = Base; path = Base.lproj/Main.storyboard; sourceTree = "<group>"; };
		87A86AEB1FBE56B40032D0A4 /* HelloCoreData.xcdatamodel */ = {isa = PBXFileReference; lastKnownFileType = wrapper.xcdatamodel; path = HelloCoreData.xcdatamodel; sourceTree = "<group>"; };
		87A86AED1FBE56B40032D0A4 /* Assets.xcassets */ = {isa = PBXFileReference; lastKnownFileType = folder.assetcatalog; path = Assets.xcassets; sourceTree = "<group>"; };
		87A86AF01FBE56B40032D0A4 /* Base */ = {isa = PBXFileReference; lastKnownFileType = file.storyboard; name = Base; path = Base.lproj/LaunchScreen.storyboard; sourceTree = "<group>"; };
		87A86AF21FBE56B40032D0A4 /* Info.plist */ = {isa = PBXFileReference; lastKnownFileType = text.plist.xml; path = Info.plist; sourceTree = "<group>"; };
		87A86AF71FBE56B40032D0A4 /* HelloCoreDataTests.xctest */ = {isa = PBXFileReference; explicitFileType = wrapper.cfbundle; includeInIndex = 0; path = HelloCoreDataTests.xctest; sourceTree = BUILT_PRODUCTS_DIR; };
		87A86AFB1FBE56B40032D0A4 /* HelloCoreDataTests.swift */ = {isa = PBXFileReference; lastKnownFileType = sourcecode.swift; path = HelloCoreDataTests.swift; sourceTree = "<group>"; };
		87A86AFD1FBE56B40032D0A4 /* Info.plist */ = {isa = PBXFileReference; lastKnownFileType = text.plist.xml; path = Info.plist; sourceTree = "<group>"; };
		87A86B021FBE56B40032D0A4 /* HelloCoreDataUITests.xctest */ = {isa = PBXFileReference; explicitFileType = wrapper.cfbundle; includeInIndex = 0; path = HelloCoreDataUITests.xctest; sourceTree = BUILT_PRODUCTS_DIR; };
		87A86B061FBE56B40032D0A4 /* HelloCoreDataUITests.swift */ = {isa = PBXFileReference; lastKnownFileType = sourcecode.swift; path = HelloCoreDataUITests.swift; sourceTree = "<group>"; };
		87A86B081FBE56B40032D0A4 /* Info.plist */ = {isa = PBXFileReference; lastKnownFileType = text.plist.xml; path = Info.plist; sourceTree = "<group>"; };
/* End PBXFileReference section */

/* Begin PBXFrameworksBuildPhase section */
		87A86ADD1FBE56B40032D0A4 /* Frameworks */ = {
			isa = PBXFrameworksBuildPhase;
			buildActionMask = 2147483647;
			files = (
			);
			runOnlyForDeploymentPostprocessing = 0;
		};
		87A86AF41FBE56B40032D0A4 /* Frameworks */ = {
			isa = PBXFrameworksBuildPhase;
			buildActionMask = 2147483647;
			files = (
			);
			runOnlyForDeploymentPostprocessing = 0;
		};
		87A86AFF1FBE56B40032D0A4 /* Frameworks */ = {
			isa = PBXFrameworksBuildPhase;
			buildActionMask = 2147483647;
			files = (
			);
			runOnlyForDeploymentPostprocessing = 0;
		};
/* End PBXFrameworksBuildPhase section */

/* Begin PBXGroup section */
		87A86AD71FBE56B40032D0A4 = {
			isa = PBXGroup;
			children = (
				87A86AE21FBE56B40032D0A4 /* HelloCoreData */,
				87A86AFA1FBE56B40032D0A4 /* HelloCoreDataTests */,
				87A86B051FBE56B40032D0A4 /* HelloCoreDataUITests */,
				87A86AE11FBE56B40032D0A4 /* Products */,
			);
			sourceTree = "<group>";
		};
		87A86AE11FBE56B40032D0A4 /* Products */ = {
			isa = PBXGroup;
			children = (
				87A86AE01FBE56B40032D0A4 /* HelloCoreData.app */,
				87A86AF71FBE56B40032D0A4 /* HelloCoreDataTests.xctest */,
				87A86B021FBE56B40032D0A4 /* HelloCoreDataUITests.xctest */,
			);
			name = Products;
			sourceTree = "<group>";
		};
		87A86AE21FBE56B40032D0A4 /* HelloCoreData */ = {
			isa = PBXGroup;
			children = (
				87A86AE31FBE56B40032D0A4 /* AppDelegate.swift */,
				87A86AE51FBE56B40032D0A4 /* ViewController.swift */,
				87A86AE71FBE56B40032D0A4 /* Main.storyboard */,
				87A86AED1FBE56B40032D0A4 /* Assets.xcassets */,
				87A86AEF1FBE56B40032D0A4 /* LaunchScreen.storyboard */,
				87A86AF21FBE56B40032D0A4 /* Info.plist */,
				87A86AEA1FBE56B40032D0A4 /* HelloCoreData.xcdatamodeld */,
			);
			path = HelloCoreData;
			sourceTree = "<group>";
		};
		87A86AFA1FBE56B40032D0A4 /* HelloCoreDataTests */ = {
			isa = PBXGroup;
			children = (
				87A86AFB1FBE56B40032D0A4 /* HelloCoreDataTests.swift */,
				87A86AFD1FBE56B40032D0A4 /* Info.plist */,
			);
			path = HelloCoreDataTests;
			sourceTree = "<group>";
		};
		87A86B051FBE56B40032D0A4 /* HelloCoreDataUITests */ = {
			isa = PBXGroup;
			children = (
				87A86B061FBE56B40032D0A4 /* HelloCoreDataUITests.swift */,
				87A86B081FBE56B40032D0A4 /* Info.plist */,
			);
			path = HelloCoreDataUITests;
			sourceTree = "<group>";
		};
/* End PBXGroup section */

/* Begin PBXNativeTarget section */
		87A86ADF1FBE56B40032D0A4 /* HelloCoreData */ = {
			isa = PBXNativeTarget;
			buildConfigurationList = 87A86B0B1FBE56B40032D0A4 /* Build configuration list for PBXNativeTarget "HelloCoreData" */;
			buildPhases = (
				87A86ADC1FBE56B40032D0A4 /* Sources */,
				87A86ADD1FBE56B40032D0A4 /* Frameworks */,
				87A86ADE1FBE56B40032D0A4 /* Resources */,
			);
			buildRules = (
			);
			dependencies = (
			);
			name = HelloCoreData;
			productName = HelloCoreData;
			productReference = 87A86AE01FBE56B40032D0A4 /* HelloCoreData.app */;
			productType = "com.apple.product-type.application";
		};
		87A86AF61FBE56B40032D0A4 /* HelloCoreDataTests */ = {
			isa = PBXNativeTarget;
			buildConfigurationList = 87A86B0E1FBE56B40032D0A4 /* Build configuration list for PBXNativeTarget "HelloCoreDataTests" */;
			buildPhases = (
				87A86AF31FBE56B40032D0A4 /* Sources */,
				87A86AF41FBE56B40032D0A4 /* Frameworks */,
				87A86AF51FBE56B40032D0A4 /* Resources */,
			);
			buildRules = (
			);
			dependencies = (
				87A86AF91FBE56B40032D0A4 /* PBXTargetDependency */,
			);
			name = HelloCoreDataTests;
			productName = HelloCoreDataTests;
			productReference = 87A86AF71FBE56B40032D0A4 /* HelloCoreDataTests.xctest */;
			productType = "com.apple.product-type.bundle.unit-test";
		};
		87A86B011FBE56B40032D0A4 /* HelloCoreDataUITests */ = {
			isa = PBXNativeTarget;
			buildConfigurationList = 87A86B111FBE56B40032D0A4 /* Build configuration list for PBXNativeTarget "HelloCoreDataUITests" */;
			buildPhases = (
				87A86AFE1FBE56B40032D0A4 /* Sources */,
				87A86AFF1FBE56B40032D0A4 /* Frameworks */,
				87A86B001FBE56B40032D0A4 /* Resources */,
			);
			buildRules = (
			);
			dependencies = (
				87A86B041FBE56B40032D0A4 /* PBXTargetDependency */,
			);
			name = HelloCoreDataUITests;
			productName = HelloCoreDataUITests;
			productReference = 87A86B021FBE56B40032D0A4 /* HelloCoreDataUITests.xctest */;
			productType = "com.apple.product-type.bundle.ui-testing";
		};
/* End PBXNativeTarget section */

/* Begin PBXProject section */
		87A86AD81FBE56B40032D0A4 /* Project object */ = {
			isa = PBXProject;
			attributes = {
				LastSwiftUpdateCheck = 0910;
				LastUpgradeCheck = 0910;
				ORGANIZATIONNAME = "Patrick Hayes";
				TargetAttributes = {
					87A86ADF1FBE56B40032D0A4 = {
						CreatedOnToolsVersion = 9.1;
						ProvisioningStyle = Automatic;
					};
					87A86AF61FBE56B40032D0A4 = {
						CreatedOnToolsVersion = 9.1;
						ProvisioningStyle = Automatic;
						TestTargetID = 87A86ADF1FBE56B40032D0A4;
					};
					87A86B011FBE56B40032D0A4 = {
						CreatedOnToolsVersion = 9.1;
						ProvisioningStyle = Automatic;
						TestTargetID = 87A86ADF1FBE56B40032D0A4;
					};
				};
			};
			buildConfigurationList = 87A86ADB1FBE56B40032D0A4 /* Build configuration list for PBXProject "HelloCoreData" */;
			compatibilityVersion = "Xcode 8.0";
			developmentRegion = en;
			hasScannedForEncodings = 0;
			knownRegions = (
				en,
				Base,
			);
			mainGroup = 87A86AD71FBE56B40032D0A4;
			productRefGroup = 87A86AE11FBE56B40032D0A4 /* Products */;
			projectDirPath = "";
			projectRoot = "";
			targets = (
				87A86ADF1FBE56B40032D0A4 /* HelloCoreData */,
				87A86AF61FBE56B40032D0A4 /* HelloCoreDataTests */,
				87A86B011FBE56B40032D0A4 /* HelloCoreDataUITests */,
			);
		};
/* End PBXProject section */

/* Begin PBXResourcesBuildPhase section */
		87A86ADE1FBE56B40032D0A4 /* Resources */ = {
			isa = PBXResourcesBuildPhase;
			buildActionMask = 2147483647;
			files = (
				87A86AF11FBE56B40032D0A4 /* LaunchScreen.storyboard in Resources */,
				87A86AEE1FBE56B40032D0A4 /* Assets.xcassets in Resources */,
				87A86AE91FBE56B40032D0A4 /* Main.storyboard in Resources */,
			);
			runOnlyForDeploymentPostprocessing = 0;
		};
		87A86AF51FBE56B40032D0A4 /* Resources */ = {
			isa = PBXResourcesBuildPhase;
			buildActionMask = 2147483647;
			files = (
			);
			runOnlyForDeploymentPostprocessing = 0;
		};
		87A86B001FBE56B40032D0A4 /* Resources */ = {
			isa = PBXResourcesBuildPhase;
			buildActionMask = 2147483647;
			files = (
			);
			runOnlyForDeploymentPostprocessing = 0;
		};
/* End PBXResourcesBuildPhase section */

/* Begin PBXSourcesBuildPhase section */
		87A86ADC1FBE56B40032D0A4 /* Sources */ = {
			isa = PBXSourcesBuildPhase;
			buildActionMask = 2147483647;
			files = (
				87A86AEC1FBE56B40032D0A4 /* HelloCoreData.xcdatamodeld in Sources */,
				87A86AE61FBE56B40032D0A4 /* ViewController.swift in Sources */,
				87A86AE41FBE56B40032D0A4 /* AppDelegate.swift in Sources */,
			);
			runOnlyForDeploymentPostprocessing = 0;
		};
		87A86AF31FBE56B40032D0A4 /* Sources */ = {
			isa = PBXSourcesBuildPhase;
			buildActionMask = 2147483647;
			files = (
				87A86AFC1FBE56B40032D0A4 /* HelloCoreDataTests.swift in Sources */,
			);
			runOnlyForDeploymentPostprocessing = 0;
		};
		87A86AFE1FBE56B40032D0A4 /* Sources */ = {
			isa = PBXSourcesBuildPhase;
			buildActionMask = 2147483647;
			files = (
				87A86B071FBE56B40032D0A4 /* HelloCoreDataUITests.swift in Sources */,
			);
			runOnlyForDeploymentPostprocessing = 0;
		};
/* End PBXSourcesBuildPhase section */

/* Begin PBXTargetDependency section */
		87A86AF91FBE56B40032D0A4 /* PBXTargetDependency */ = {
			isa = PBXTargetDependency;
			target = 87A86ADF1FBE56B40032D0A4 /* HelloCoreData */;
			targetProxy = 87A86AF81FBE56B40032D0A4 /* PBXContainerItemProxy */;
		};
		87A86B041FBE56B40032D0A4 /* PBXTargetDependency */ = {
			isa = PBXTargetDependency;
			target = 87A86ADF1FBE56B40032D0A4 /* HelloCoreData */;
			targetProxy = 87A86B031FBE56B40032D0A4 /* PBXContainerItemProxy */;
		};
/* End PBXTargetDependency section */

/* Begin PBXVariantGroup section */
		87A86AE71FBE56B40032D0A4 /* Main.storyboard */ = {
			isa = PBXVariantGroup;
			children = (
				87A86AE81FBE56B40032D0A4 /* Base */,
			);
			name = Main.storyboard;
			sourceTree = "<group>";
		};
		87A86AEF1FBE56B40032D0A4 /* LaunchScreen.storyboard */ = {
			isa = PBXVariantGroup;
			children = (
				87A86AF01FBE56B40032D0A4 /* Base */,
			);
			name = LaunchScreen.storyboard;
			sourceTree = "<group>";
		};
/* End PBXVariantGroup section */

/* Begin XCBuildConfiguration section */
		87A86B091FBE56B40032D0A4 /* Debug */ = {
			isa = XCBuildConfiguration;
			buildSettings = {
				ALWAYS_SEARCH_USER_PATHS = NO;
				CLANG_ANALYZER_NONNULL = YES;
				CLANG_ANALYZER_NUMBER_OBJECT_CONVERSION = YES_AGGRESSIVE;
				CLANG_CXX_LANGUAGE_STANDARD = "gnu++14";
				CLANG_CXX_LIBRARY = "libc++";
				CLANG_ENABLE_MODULES = YES;
				CLANG_ENABLE_OBJC_ARC = YES;
				CLANG_WARN_BLOCK_CAPTURE_AUTORELEASING = YES;
				CLANG_WARN_BOOL_CONVERSION = YES;
				CLANG_WARN_COMMA = YES;
				CLANG_WARN_CONSTANT_CONVERSION = YES;
				CLANG_WARN_DIRECT_OBJC_ISA_USAGE = YES_ERROR;
				CLANG_WARN_DOCUMENTATION_COMMENTS = YES;
				CLANG_WARN_EMPTY_BODY = YES;
				CLANG_WARN_ENUM_CONVERSION = YES;
				CLANG_WARN_INFINITE_RECURSION = YES;
				CLANG_WARN_INT_CONVERSION = YES;
				CLANG_WARN_NON_LITERAL_NULL_CONVERSION = YES;
				CLANG_WARN_OBJC_LITERAL_CONVERSION = YES;
				CLANG_WARN_OBJC_ROOT_CLASS = YES_ERROR;
				CLANG_WARN_RANGE_LOOP_ANALYSIS = YES;
				CLANG_WARN_STRICT_PROTOTYPES = YES;
				CLANG_WARN_SUSPICIOUS_MOVE = YES;
				CLANG_WARN_UNGUARDED_AVAILABILITY = YES_AGGRESSIVE;
				CLANG_WARN_UNREACHABLE_CODE = YES;
				CLANG_WARN__DUPLICATE_METHOD_MATCH = YES;
				CODE_SIGN_IDENTITY = "iPhone Developer";
				COPY_PHASE_STRIP = NO;
				DEBUG_INFORMATION_FORMAT = dwarf;
				ENABLE_STRICT_OBJC_MSGSEND = YES;
				ENABLE_TESTABILITY = YES;
				GCC_C_LANGUAGE_STANDARD = gnu11;
				GCC_DYNAMIC_NO_PIC = NO;
				GCC_NO_COMMON_BLOCKS = YES;
				GCC_OPTIMIZATION_LEVEL = 0;
				GCC_PREPROCESSOR_DEFINITIONS = (
					"DEBUG=1",
					"$(inherited)",
				);
				GCC_WARN_64_TO_32_BIT_CONVERSION = YES;
				GCC_WARN_ABOUT_RETURN_TYPE = YES_ERROR;
				GCC_WARN_UNDECLARED_SELECTOR = YES;
				GCC_WARN_UNINITIALIZED_AUTOS = YES_AGGRESSIVE;
				GCC_WARN_UNUSED_FUNCTION = YES;
				GCC_WARN_UNUSED_VARIABLE = YES;
				IPHONEOS_DEPLOYMENT_TARGET = 11.1;
				MTL_ENABLE_DEBUG_INFO = YES;
				ONLY_ACTIVE_ARCH = YES;
				SDKROOT = iphoneos;
				SWIFT_ACTIVE_COMPILATION_CONDITIONS = DEBUG;
				SWIFT_OPTIMIZATION_LEVEL = "-Onone";
			};
			name = Debug;
		};
		87A86B0A1FBE56B40032D0A4 /* Release */ = {
			isa = XCBuildConfiguration;
			buildSettings = {
				ALWAYS_SEARCH_USER_PATHS = NO;
				CLANG_ANALYZER_NONNULL = YES;
				CLANG_ANALYZER_NUMBER_OBJECT_CONVERSION = YES_AGGRESSIVE;
				CLANG_CXX_LANGUAGE_STANDARD = "gnu++14";
				CLANG_CXX_LIBRARY = "libc++";
				CLANG_ENABLE_MODULES = YES;
				CLANG_ENABLE_OBJC_ARC = YES;
				CLANG_WARN_BLOCK_CAPTURE_AUTORELEASING = YES;
				CLANG_WARN_BOOL_CONVERSION = YES;
				CLANG_WARN_COMMA = YES;
				CLANG_WARN_CONSTANT_CONVERSION = YES;
				CLANG_WARN_DIRECT_OBJC_ISA_USAGE = YES_ERROR;
				CLANG_WARN_DOCUMENTATION_COMMENTS = YES;
				CLANG_WARN_EMPTY_BODY = YES;
				CLANG_WARN_ENUM_CONVERSION = YES;
				CLANG_WARN_INFINITE_RECURSION = YES;
				CLANG_WARN_INT_CONVERSION = YES;
				CLANG_WARN_NON_LITERAL_NULL_CONVERSION = YES;
				CLANG_WARN_OBJC_LITERAL_CONVERSION = YES;
				CLANG_WARN_OBJC_ROOT_CLASS = YES_ERROR;
				CLANG_WARN_RANGE_LOOP_ANALYSIS = YES;
				CLANG_WARN_STRICT_PROTOTYPES = YES;
				CLANG_WARN_SUSPICIOUS_MOVE = YES;
				CLANG_WARN_UNGUARDED_AVAILABILITY = YES_AGGRESSIVE;
				CLANG_WARN_UNREACHABLE_CODE = YES;
				CLANG_WARN__DUPLICATE_METHOD_MATCH = YES;
				CODE_SIGN_IDENTITY = "iPhone Developer";
				COPY_PHASE_STRIP = NO;
				DEBUG_INFORMATION_FORMAT = "dwarf-with-dsym";
				ENABLE_NS_ASSERTIONS = NO;
				ENABLE_STRICT_OBJC_MSGSEND = YES;
				GCC_C_LANGUAGE_STANDARD = gnu11;
				GCC_NO_COMMON_BLOCKS = YES;
				GCC_WARN_64_TO_32_BIT_CONVERSION = YES;
				GCC_WARN_ABOUT_RETURN_TYPE = YES_ERROR;
				GCC_WARN_UNDECLARED_SELECTOR = YES;
				GCC_WARN_UNINITIALIZED_AUTOS = YES_AGGRESSIVE;
				GCC_WARN_UNUSED_FUNCTION = YES;
				GCC_WARN_UNUSED_VARIABLE = YES;
				IPHONEOS_DEPLOYMENT_TARGET = 11.1;
				MTL_ENABLE_DEBUG_INFO = NO;
				SDKROOT = iphoneos;
				SWIFT_OPTIMIZATION_LEVEL = "-Owholemodule";
				VALIDATE_PRODUCT = YES;
			};
			name = Release;
		};
		87A86B0C1FBE56B40032D0A4 /* Debug */ = {
			isa = XCBuildConfiguration;
			buildSettings = {
				ASSETCATALOG_COMPILER_APPICON_NAME = AppIcon;
				CODE_SIGN_STYLE = Automatic;
				DEVELOPMENT_TEAM = 5866JSDNM9;
				INFOPLIST_FILE = HelloCoreData/Info.plist;
				LD_RUNPATH_SEARCH_PATHS = "$(inherited) @executable_path/Frameworks";
				PRODUCT_BUNDLE_IDENTIFIER = com.project.HelloCoreData;
				PRODUCT_NAME = "$(TARGET_NAME)";
				SWIFT_VERSION = 4.0;
				TARGETED_DEVICE_FAMILY = "1,2";
			};
			name = Debug;
		};
		87A86B0D1FBE56B40032D0A4 /* Release */ = {
			isa = XCBuildConfiguration;
			buildSettings = {
				ASSETCATALOG_COMPILER_APPICON_NAME = AppIcon;
				CODE_SIGN_STYLE = Automatic;
				DEVELOPMENT_TEAM = 5866JSDNM9;
				INFOPLIST_FILE = HelloCoreData/Info.plist;
				LD_RUNPATH_SEARCH_PATHS = "$(inherited) @executable_path/Frameworks";
				PRODUCT_BUNDLE_IDENTIFIER = com.project.HelloCoreData;
				PRODUCT_NAME = "$(TARGET_NAME)";
				SWIFT_VERSION = 4.0;
				TARGETED_DEVICE_FAMILY = "1,2";
			};
			name = Release;
		};
		87A86B0F1FBE56B40032D0A4 /* Debug */ = {
			isa = XCBuildConfiguration;
			buildSettings = {
				ALWAYS_EMBED_SWIFT_STANDARD_LIBRARIES = YES;
				BUNDLE_LOADER = "$(TEST_HOST)";
				CODE_SIGN_STYLE = Automatic;
				DEVELOPMENT_TEAM = 5866JSDNM9;
				INFOPLIST_FILE = HelloCoreDataTests/Info.plist;
				LD_RUNPATH_SEARCH_PATHS = "$(inherited) @executable_path/Frameworks @loader_path/Frameworks";
				PRODUCT_BUNDLE_IDENTIFIER = com.project.HelloCoreDataTests;
				PRODUCT_NAME = "$(TARGET_NAME)";
				SWIFT_VERSION = 4.0;
				TARGETED_DEVICE_FAMILY = "1,2";
				TEST_HOST = "$(BUILT_PRODUCTS_DIR)/HelloCoreData.app/HelloCoreData";
			};
			name = Debug;
		};
		87A86B101FBE56B40032D0A4 /* Release */ = {
			isa = XCBuildConfiguration;
			buildSettings = {
				ALWAYS_EMBED_SWIFT_STANDARD_LIBRARIES = YES;
				BUNDLE_LOADER = "$(TEST_HOST)";
				CODE_SIGN_STYLE = Automatic;
				DEVELOPMENT_TEAM = 5866JSDNM9;
				INFOPLIST_FILE = HelloCoreDataTests/Info.plist;
				LD_RUNPATH_SEARCH_PATHS = "$(inherited) @executable_path/Frameworks @loader_path/Frameworks";
				PRODUCT_BUNDLE_IDENTIFIER = com.project.HelloCoreDataTests;
				PRODUCT_NAME = "$(TARGET_NAME)";
				SWIFT_VERSION = 4.0;
				TARGETED_DEVICE_FAMILY = "1,2";
				TEST_HOST = "$(BUILT_PRODUCTS_DIR)/HelloCoreData.app/HelloCoreData";
			};
			name = Release;
		};
		87A86B121FBE56B40032D0A4 /* Debug */ = {
			isa = XCBuildConfiguration;
			buildSettings = {
				ALWAYS_EMBED_SWIFT_STANDARD_LIBRARIES = YES;
				CODE_SIGN_STYLE = Automatic;
				DEVELOPMENT_TEAM = 5866JSDNM9;
				INFOPLIST_FILE = HelloCoreDataUITests/Info.plist;
				LD_RUNPATH_SEARCH_PATHS = "$(inherited) @executable_path/Frameworks @loader_path/Frameworks";
				PRODUCT_BUNDLE_IDENTIFIER = com.project.HelloCoreDataUITests;
				PRODUCT_NAME = "$(TARGET_NAME)";
				SWIFT_VERSION = 4.0;
				TARGETED_DEVICE_FAMILY = "1,2";
				TEST_TARGET_NAME = HelloCoreData;
			};
			name = Debug;
		};
		87A86B131FBE56B40032D0A4 /* Release */ = {
			isa = XCBuildConfiguration;
			buildSettings = {
				ALWAYS_EMBED_SWIFT_STANDARD_LIBRARIES = YES;
				CODE_SIGN_STYLE = Automatic;
				DEVELOPMENT_TEAM = 5866JSDNM9;
				INFOPLIST_FILE = HelloCoreDataUITests/Info.plist;
				LD_RUNPATH_SEARCH_PATHS = "$(inherited) @executable_path/Frameworks @loader_path/Frameworks";
				PRODUCT_BUNDLE_IDENTIFIER = com.project.HelloCoreDataUITests;
				PRODUCT_NAME = "$(TARGET_NAME)";
				SWIFT_VERSION = 4.0;
				TARGETED_DEVICE_FAMILY = "1,2";
				TEST_TARGET_NAME = HelloCoreData;
			};
			name = Release;
		};
/* End XCBuildConfiguration section */

/* Begin XCConfigurationList section */
		87A86ADB1FBE56B40032D0A4 /* Build configuration list for PBXProject "HelloCoreData" */ = {
			isa = XCConfigurationList;
			buildConfigurations = (
				87A86B091FBE56B40032D0A4 /* Debug */,
				87A86B0A1FBE56B40032D0A4 /* Release */,
			);
			defaultConfigurationIsVisible = 0;
			defaultConfigurationName = Release;
		};
		87A86B0B1FBE56B40032D0A4 /* Build configuration list for PBXNativeTarget "HelloCoreData" */ = {
			isa = XCConfigurationList;
			buildConfigurations = (
				87A86B0C1FBE56B40032D0A4 /* Debug */,
				87A86B0D1FBE56B40032D0A4 /* Release */,
			);
			defaultConfigurationIsVisible = 0;
			defaultConfigurationName = Release;
		};
		87A86B0E1FBE56B40032D0A4 /* Build configuration list for PBXNativeTarget "HelloCoreDataTests" */ = {
			isa = XCConfigurationList;
			buildConfigurations = (
				87A86B0F1FBE56B40032D0A4 /* Debug */,
				87A86B101FBE56B40032D0A4 /* Release */,
			);
			defaultConfigurationIsVisible = 0;
			defaultConfigurationName = Release;
		};
		87A86B111FBE56B40032D0A4 /* Build configuration list for PBXNativeTarget "HelloCoreDataUITests" */ = {
			isa = XCConfigurationList;
			buildConfigurations = (
				87A86B121FBE56B40032D0A4 /* Debug */,
				87A86B131FBE56B40032D0A4 /* Release */,
			);
			defaultConfigurationIsVisible = 0;
			defaultConfigurationName = Release;
		};
/* End XCConfigurationList section */

/* Begin XCVersionGroup section */
		87A86AEA1FBE56B40032D0A4 /* HelloCoreData.xcdatamodeld */ = {
			isa = XCVersionGroup;
			children = (
				87A86AEB1FBE56B40032D0A4 /* HelloCoreData.xcdatamodel */,
			);
			currentVersion = 87A86AEB1FBE56B40032D0A4 /* HelloCoreData.xcdatamodel */;
			path = HelloCoreData.xcdatamodeld;
			sourceTree = "<group>";
			versionGroupType = wrapper.xcdatamodel;
		};
/* End XCVersionGroup section */
	};
	rootObject = 87A86AD81FBE56B40032D0A4 /* Project object */;
}
